
Microsoft Visual Studio Solution File, Format Version 12.00
# Visual Studio 15
VisualStudioVersion = 15.0.28307.136
MinimumVisualStudioVersion = 10.0.40219.1
Project("{FAE04EC0-301F-11D3-BF4B-00C04F79EFBC}") = "Delegates", "Delegates\Delegates.csproj", "{EBEAB169-4BFB-45C7-8C2E-E86DA5C42BAE}"
EndProject
Global
	GlobalSection(SolutionConfigurationPlatforms) = preSolution
		Debug|Any CPU = Debug|Any CPU
		Release|Any CPU = Release|Any CPU
	EndGlobalSection
	GlobalSection(ProjectConfigurationPlatforms) = postSolution
		{EBEAB169-4BFB-45C7-8C2E-E86DA5C42BAE}.Debug|Any CPU.ActiveCfg = Debug|Any CPU
		{EBEAB169-4BFB-45C7-8C2E-E86DA5C42BAE}.Debug|Any CPU.Build.0 = Debug|Any CPU
		{EBEAB169-4BFB-45C7-8C2E-E86DA5C42BAE}.Release|Any CPU.ActiveCfg = Release|Any CPU
		{EBEAB169-4BFB-45C7-8C2E-E86DA5C42BAE}.Release|Any CPU.Build.0 = Release|Any CPU
	EndGlobalSection
	GlobalSection(SolutionProperties) = preSolution
		HideSolutionNode = FALSE
	EndGlobalSection
	GlobalSection(ExtensibilityGlobals) = postSolution
		SolutionGuid = {A28FE88A-C35C-4EC2-A520-B6AD76A27D4C}
	EndGlobalSection
EndGlobal
